
Microsoft Visual Studio Solution File, Format Version 12.00
# Visual Studio Version 17
VisualStudioVersion = 17.10.34916.146
MinimumVisualStudioVersion = 10.0.40219.1
Project("{FAE04EC0-301F-11D3-BF4B-00C04F79EFBC}") = "WindowsFormsApp1", "WindowsFormsApp1\WindowsFormsApp1.csproj", "{9BA90836-94D9-4EFF-A84E-CF8F9330BDCF}"
EndProject
Global
	GlobalSection(SolutionConfigurationPlatforms) = preSolution
		Debug|Any CPU = Debug|Any CPU
		Release|Any CPU = Release|Any CPU
	EndGlobalSection
	GlobalSection(ProjectConfigurationPlatforms) = postSolution
		{9BA90836-94D9-4EFF-A84E-CF8F9330BDCF}.Debug|Any CPU.ActiveCfg = Debug|Any CPU
		{9BA90836-94D9-4EFF-A84E-CF8F9330BDCF}.Debug|Any CPU.Build.0 = Debug|Any CPU
		{9BA90836-94D9-4EFF-A84E-CF8F9330BDCF}.Release|Any CPU.ActiveCfg = Release|Any CPU
		{9BA90836-94D9-4EFF-A84E-CF8F9330BDCF}.Release|Any CPU.Build.0 = Release|Any CPU
	EndGlobalSection
	GlobalSection(SolutionProperties) = preSolution
		HideSolutionNode = FALSE
	EndGlobalSection
	GlobalSection(ExtensibilityGlobals) = postSolution
		SolutionGuid = {08D4C4DA-3934-4142-A277-90B4A9ED1723}
	EndGlobalSection
EndGlobal
